
Microsoft Visual Studio Solution File, Format Version 12.00
# Visual Studio 15
VisualStudioVersion = 15.0.28010.2016
MinimumVisualStudioVersion = 10.0.40219.1
Project("{FAE04EC0-301F-11D3-BF4B-00C04F79EFBC}") = "SDK_of_PythonOpenCV_for_CsharpDevelopers", "SDK_of_PythonOpenCV_for_CsharpDevelopers\SDK_of_PythonOpenCV_for_CsharpDevelopers.csproj", "{4230504E-BE84-4BED-BFD0-892F19FE2424}"
EndProject
Global
	GlobalSection(SolutionConfigurationPlatforms) = preSolution
		Debug|Any CPU = Debug|Any CPU
		Release|Any CPU = Release|Any CPU
	EndGlobalSection
	GlobalSection(ProjectConfigurationPlatforms) = postSolution
		{4230504E-BE84-4BED-BFD0-892F19FE2424}.Debug|Any CPU.ActiveCfg = Debug|Any CPU
		{4230504E-BE84-4BED-BFD0-892F19FE2424}.Debug|Any CPU.Build.0 = Debug|Any CPU
		{4230504E-BE84-4BED-BFD0-892F19FE2424}.Release|Any CPU.ActiveCfg = Release|Any CPU
		{4230504E-BE84-4BED-BFD0-892F19FE2424}.Release|Any CPU.Build.0 = Release|Any CPU
	EndGlobalSection
	GlobalSection(SolutionProperties) = preSolution
		HideSolutionNode = FALSE
	EndGlobalSection
	GlobalSection(ExtensibilityGlobals) = postSolution
		SolutionGuid = {0313223A-BD36-448E-B931-C61137F9398C}
	EndGlobalSection
EndGlobal
